PODS:
  - CocoaLumberjack (2.3.0):
    - CocoaLumberjack/Default (= 2.3.0)
    - CocoaLumberjack/Extensions (= 2.3.0)
  - CocoaLumberjack/Core (2.3.0)
  - CocoaLumberjack/Default (2.3.0):
    - CocoaLumberjack/Core
  - CocoaLumberjack/Extensions (2.3.0):
    - CocoaLumberjack/Default
  - JSQMessagesViewController (7.3.2):
    - JSQSystemSoundPlayer (~> 2.0.1)
  - JSQSystemSoundPlayer (2.0.1)
  - PubNub (4.3.3):
    - CocoaLumberjack (= 2.3.0)
    - PubNub/Core (= 4.3.3)
  - PubNub/Core (4.3.3):
    - CocoaLumberjack (= 2.3.0)

DEPENDENCIES:
  - JSQMessagesViewController
  - PubNub

SPEC CHECKSUMS:
  CocoaLumberjack: 97fab7ee5f507fe54445cca7ea80f926729cfd15
  JSQMessagesViewController: bf14e4d644e1c59476f47f2f8410c34c6c0294f3
  JSQSystemSoundPlayer: c5850e77a4363ffd374cd851154b9af93264ed8d
  PubNub: 51acd937c947d931a75d2caef654fd12f7573e09

PODFILE CHECKSUM: 76652b38bc0b76d677a1ce9158d0c61824523e14

COCOAPODS: 1.0.0
