// !$*UTF8*$!
{
	archiveVersion = 1;
	classes = {
	};
	objectVersion = 46;
	objects = {

/* Begin PBXBuildFile section */
		EA3F8D3156F0FF450644E9DF /* Pods_Alternative.framework in Frameworks */ = {isa = PBXBuildFile; fileRef = 2714AD0F4897871055B8553E /* Pods_Alternative.framework */; };
		FA3148631D045510005D13D1 /* AppDelegate.swift in Sources */ = {isa = PBXBuildFile; fileRef = FA3148621D045510005D13D1 /* AppDelegate.swift */; };
		FA3148681D045510005D13D1 /* Main.storyboard in Resources */ = {isa = PBXBuildFile; fileRef = FA3148661D045510005D13D1 /* Main.storyboard */; };
		FA31486B1D045511005D13D1 /* Alternative.xcdatamodeld in Sources */ = {isa = PBXBuildFile; fileRef = FA3148691D045511005D13D1 /* Alternative.xcdatamodeld */; };
		FA31486D1D045511005D13D1 /* Assets.xcassets in Resources */ = {isa = PBXBuildFile; fileRef = FA31486C1D045511005D13D1 /* Assets.xcassets */; };
		FA3148701D045511005D13D1 /* LaunchScreen.storyboard in Resources */ = {isa = PBXBuildFile; fileRef = FA31486E1D045511005D13D1 /* LaunchScreen.storyboard */; };
		FA3148781D046410005D13D1 /* ALTWalkthroughContentViewController.swift in Sources */ = {isa = PBXBuildFile; fileRef = FA3148771D046410005D13D1 /* ALTWalkthroughContentViewController.swift */; };
		FA31487A1D046587005D13D1 /* ALTWalkthroughPageViewController.swift in Sources */ = {isa = PBXBuildFile; fileRef = FA3148791D046587005D13D1 /* ALTWalkthroughPageViewController.swift */; };
		FA3148831D04B69D005D13D1 /* ALTLoginViewController.swift in Sources */ = {isa = PBXBuildFile; fileRef = FA3148821D04B69D005D13D1 /* ALTLoginViewController.swift */; };
		FA3148851D04B6B4005D13D1 /* ALTRegisterViewController.swift in Sources */ = {isa = PBXBuildFile; fileRef = FA3148841D04B6B4005D13D1 /* ALTRegisterViewController.swift */; };
		FA4981861D09C7EF008CF01C /* SWRevealViewController.m in Sources */ = {isa = PBXBuildFile; fileRef = FA4981851D09C7EF008CF01C /* SWRevealViewController.m */; };
		FA4981881D09D4F5008CF01C /* ALTMainViewController.swift in Sources */ = {isa = PBXBuildFile; fileRef = FA4981871D09D4F4008CF01C /* ALTMainViewController.swift */; };
		FA49818A1D09DA85008CF01C /* ALTNavigationDrawerViewController.swift in Sources */ = {isa = PBXBuildFile; fileRef = FA4981891D09DA85008CF01C /* ALTNavigationDrawerViewController.swift */; };
		FA49818C1D09DC56008CF01C /* ALTNavTableViewCell.swift in Sources */ = {isa = PBXBuildFile; fileRef = FA49818B1D09DC56008CF01C /* ALTNavTableViewCell.swift */; };
		FA898E8A1D0C68DE008510A2 /* ALTMainCollectionViewCell.swift in Sources */ = {isa = PBXBuildFile; fileRef = FA898E891D0C68DE008510A2 /* ALTMainCollectionViewCell.swift */; };
		FA898E8D1D0D970E008510A2 /* ALTChatViewController.swift in Sources */ = {isa = PBXBuildFile; fileRef = FA898E8C1D0D970E008510A2 /* ALTChatViewController.swift */; };
		FA91EF981D0E952B0015CFAF /* EndPoints.swift in Sources */ = {isa = PBXBuildFile; fileRef = FA91EF971D0E952B0015CFAF /* EndPoints.swift */; };
		FA91EF9A1D0E96420015CFAF /* ApiManager.swift in Sources */ = {isa = PBXBuildFile; fileRef = FA91EF991D0E96420015CFAF /* ApiManager.swift */; };
		FA91EF9D1D0F24CB0015CFAF /* UIDevice.swift in Sources */ = {isa = PBXBuildFile; fileRef = FA91EF9C1D0F24CA0015CFAF /* UIDevice.swift */; };
		FA91EF9F1D0F33A50015CFAF /* .gitignore in Resources */ = {isa = PBXBuildFile; fileRef = FA91EF9E1D0F33A50015CFAF /* .gitignore */; };
		FA91EFA51D0F45D90015CFAF /* Colors.swift in Sources */ = {isa = PBXBuildFile; fileRef = FA91EFA41D0F45D90015CFAF /* Colors.swift */; };
		FA91EFA71D0F462E0015CFAF /* UIColor.swift in Sources */ = {isa = PBXBuildFile; fileRef = FA91EFA61D0F462E0015CFAF /* UIColor.swift */; };
		FA91EFA91D0F463A0015CFAF /* String.swift in Sources */ = {isa = PBXBuildFile; fileRef = FA91EFA81D0F463A0015CFAF /* String.swift */; };
		FA91EFB11D104CDF0015CFAF /* ALTOTPViewController.swift in Sources */ = {isa = PBXBuildFile; fileRef = FA91EFAF1D104CDF0015CFAF /* ALTOTPViewController.swift */; };
		FA91EFB21D104CDF0015CFAF /* ALTOTPViewController.xib in Resources */ = {isa = PBXBuildFile; fileRef = FA91EFB01D104CDF0015CFAF /* ALTOTPViewController.xib */; };
		FA91EFB51D104F920015CFAF /* Reachability.m in Sources */ = {isa = PBXBuildFile; fileRef = FA91EFB41D104F920015CFAF /* Reachability.m */; };
		FA91EFB71D1050550015CFAF /* Constants.swift in Sources */ = {isa = PBXBuildFile; fileRef = FA91EFB61D1050550015CFAF /* Constants.swift */; };
/* End PBXBuildFile section */

/* Begin PBXFileReference section */
		2714AD0F4897871055B8553E /* Pods_Alternative.framework */ = {isa = PBXFileReference; explicitFileType = wrapper.framework; includeInIndex = 0; path = Pods_Alternative.framework; sourceTree = BUILT_PRODUCTS_DIR; };
		348C0716E11A8EE25301BCC2 /* Pods-Alternative.release.xcconfig */ = {isa = PBXFileReference; includeInIndex = 1; lastKnownFileType = text.xcconfig; name = "Pods-Alternative.release.xcconfig"; path = "Pods/Target Support Files/Pods-Alternative/Pods-Alternative.release.xcconfig"; sourceTree = "<group>"; };
		C9F95BCE3A2D2449A6061CEE /* Pods-Alternative.debug.xcconfig */ = {isa = PBXFileReference; includeInIndex = 1; lastKnownFileType = text.xcconfig; name = "Pods-Alternative.debug.xcconfig"; path = "Pods/Target Support Files/Pods-Alternative/Pods-Alternative.debug.xcconfig"; sourceTree = "<group>"; };
		FA31485F1D04550F005D13D1 /* Alternative.app */ = {isa = PBXFileReference; explicitFileType = wrapper.application; includeInIndex = 0; path = Alternative.app; sourceTree = BUILT_PRODUCTS_DIR; };
		FA3148621D045510005D13D1 /* AppDelegate.swift */ = {isa = PBXFileReference; lastKnownFileType = sourcecode.swift; name = AppDelegate.swift; path = Alternative/AppDelegate.swift; sourceTree = "<group>"; };
		FA3148671D045510005D13D1 /* Base */ = {isa = PBXFileReference; lastKnownFileType = file.storyboard; name = Base; path = Base.lproj/Main.storyboard; sourceTree = "<group>"; };
		FA31486A1D045511005D13D1 /* Alternative.xcdatamodel */ = {isa = PBXFileReference; lastKnownFileType = wrapper.xcdatamodel; path = Alternative.xcdatamodel; sourceTree = "<group>"; };
		FA31486C1D045511005D13D1 /* Assets.xcassets */ = {isa = PBXFileReference; lastKnownFileType = folder.assetcatalog; path = Assets.xcassets; sourceTree = "<group>"; };
		FA31486F1D045511005D13D1 /* Base */ = {isa = PBXFileReference; lastKnownFileType = file.storyboard; name = Base; path = Base.lproj/LaunchScreen.storyboard; sourceTree = "<group>"; };
		FA3148711D045511005D13D1 /* Info.plist */ = {isa = PBXFileReference; lastKnownFileType = text.plist.xml; path = Info.plist; sourceTree = "<group>"; };
		FA3148771D046410005D13D1 /* ALTWalkthroughContentViewController.swift */ = {isa = PBXFileReference; fileEncoding = 4; lastKnownFileType = sourcecode.swift; path = ALTWalkthroughContentViewController.swift; sourceTree = "<group>"; };
		FA3148791D046587005D13D1 /* ALTWalkthroughPageViewController.swift */ = {isa = PBXFileReference; fileEncoding = 4; lastKnownFileType = sourcecode.swift; path = ALTWalkthroughPageViewController.swift; sourceTree = "<group>"; };
		FA3148821D04B69D005D13D1 /* ALTLoginViewController.swift */ = {isa = PBXFileReference; fileEncoding = 4; lastKnownFileType = sourcecode.swift; path = ALTLoginViewController.swift; sourceTree = "<group>"; };
		FA3148841D04B6B4005D13D1 /* ALTRegisterViewController.swift */ = {isa = PBXFileReference; fileEncoding = 4; lastKnownFileType = sourcecode.swift; path = ALTRegisterViewController.swift; sourceTree = "<group>"; };
		FA4981831D09C7EE008CF01C /* Alternative-Bridging-Header.h */ = {isa = PBXFileReference; lastKnownFileType = sourcecode.c.h; path = "Alternative-Bridging-Header.h"; sourceTree = "<group>"; };
		FA4981841D09C7EF008CF01C /* SWRevealViewController.h */ = {isa = PBXFileReference; fileEncoding = 4; lastKnownFileType = sourcecode.c.h; path = SWRevealViewController.h; sourceTree = "<group>"; };
		FA4981851D09C7EF008CF01C /* SWRevealViewController.m */ = {isa = PBXFileReference; fileEncoding = 4; lastKnownFileType = sourcecode.c.objc; path = SWRevealViewController.m; sourceTree = "<group>"; };
		FA4981871D09D4F4008CF01C /* ALTMainViewController.swift */ = {isa = PBXFileReference; fileEncoding = 4; lastKnownFileType = sourcecode.swift; path = ALTMainViewController.swift; sourceTree = "<group>"; };
		FA4981891D09DA85008CF01C /* ALTNavigationDrawerViewController.swift */ = {isa = PBXFileReference; fileEncoding = 4; lastKnownFileType = sourcecode.swift; path = ALTNavigationDrawerViewController.swift; sourceTree = "<group>"; };
		FA49818B1D09DC56008CF01C /* ALTNavTableViewCell.swift */ = {isa = PBXFileReference; fileEncoding = 4; lastKnownFileType = sourcecode.swift; path = ALTNavTableViewCell.swift; sourceTree = "<group>"; };
		FA898E891D0C68DE008510A2 /* ALTMainCollectionViewCell.swift */ = {isa = PBXFileReference; fileEncoding = 4; lastKnownFileType = sourcecode.swift; path = ALTMainCollectionViewCell.swift; sourceTree = "<group>"; };
		FA898E8C1D0D970E008510A2 /* ALTChatViewController.swift */ = {isa = PBXFileReference; fileEncoding = 4; lastKnownFileType = sourcecode.swift; path = ALTChatViewController.swift; sourceTree = "<group>"; };
		FA91EF971D0E952B0015CFAF /* EndPoints.swift */ = {isa = PBXFileReference; fileEncoding = 4; lastKnownFileType = sourcecode.swift; path = EndPoints.swift; sourceTree = "<group>"; };
		FA91EF991D0E96420015CFAF /* ApiManager.swift */ = {isa = PBXFileReference; fileEncoding = 4; lastKnownFileType = sourcecode.swift; path = ApiManager.swift; sourceTree = "<group>"; };
		FA91EF9C1D0F24CA0015CFAF /* UIDevice.swift */ = {isa = PBXFileReference; fileEncoding = 4; lastKnownFileType = sourcecode.swift; path = UIDevice.swift; sourceTree = "<group>"; };
		FA91EF9E1D0F33A50015CFAF /* .gitignore */ = {isa = PBXFileReference; fileEncoding = 4; lastKnownFileType = text; path = .gitignore; sourceTree = "<group>"; };
		FA91EFA41D0F45D90015CFAF /* Colors.swift */ = {isa = PBXFileReference; fileEncoding = 4; lastKnownFileType = sourcecode.swift; name = Colors.swift; path = ../Colors.swift; sourceTree = "<group>"; };
		FA91EFA61D0F462E0015CFAF /* UIColor.swift */ = {isa = PBXFileReference; fileEncoding = 4; lastKnownFileType = sourcecode.swift; path = UIColor.swift; sourceTree = "<group>"; };
		FA91EFA81D0F463A0015CFAF /* String.swift */ = {isa = PBXFileReference; fileEncoding = 4; lastKnownFileType = sourcecode.swift; path = String.swift; sourceTree = "<group>"; };
		FA91EFAF1D104CDF0015CFAF /* ALTOTPViewController.swift */ = {isa = PBXFileReference; fileEncoding = 4; lastKnownFileType = sourcecode.swift; path = ALTOTPViewController.swift; sourceTree = "<group>"; };
		FA91EFB01D104CDF0015CFAF /* ALTOTPViewController.xib */ = {isa = PBXFileReference; fileEncoding = 4; lastKnownFileType = file.xib; path = ALTOTPViewController.xib; sourceTree = "<group>"; };
		FA91EFB31D104F920015CFAF /* Reachability.h */ = {isa = PBXFileReference; fileEncoding = 4; lastKnownFileType = sourcecode.c.h; path = Reachability.h; sourceTree = "<group>"; };
		FA91EFB41D104F920015CFAF /* Reachability.m */ = {isa = PBXFileReference; fileEncoding = 4; lastKnownFileType = sourcecode.c.objc; path = Reachability.m; sourceTree = "<group>"; };
		FA91EFB61D1050550015CFAF /* Constants.swift */ = {isa = PBXFileReference; fileEncoding = 4; lastKnownFileType = sourcecode.swift; path = Constants.swift; sourceTree = "<group>"; };
/* End PBXFileReference section */

/* Begin PBXFrameworksBuildPhase section */
		FA31485C1D04550F005D13D1 /* Frameworks */ = {
			isa = PBXFrameworksBuildPhase;
			buildActionMask = 2147483647;
			files = (
				EA3F8D3156F0FF450644E9DF /* Pods_Alternative.framework in Frameworks */,
			);
			runOnlyForDeploymentPostprocessing = 0;
		};
/* End PBXFrameworksBuildPhase section */

/* Begin PBXGroup section */
		216BA72D692CA93D521559D2 /* Frameworks */ = {
			isa = PBXGroup;
			children = (
				2714AD0F4897871055B8553E /* Pods_Alternative.framework */,
			);
			name = Frameworks;
			sourceTree = "<group>";
		};
		CE11F39AB4A4C40C7C633B91 /* Pods */ = {
			isa = PBXGroup;
			children = (
				C9F95BCE3A2D2449A6061CEE /* Pods-Alternative.debug.xcconfig */,
				348C0716E11A8EE25301BCC2 /* Pods-Alternative.release.xcconfig */,
			);
			name = Pods;
			sourceTree = "<group>";
		};
		FA3148561D04550E005D13D1 = {
			isa = PBXGroup;
			children = (
				FA3148621D045510005D13D1 /* AppDelegate.swift */,
				FA91EFAA1D0FD3770015CFAF /* Utils */,
				FA91EF961D0E94730015CFAF /* API Manager */,
				FA31487E1D04B5FE005D13D1 /* Model */,
				FA31487D1D04B5E6005D13D1 /* Storyboard */,
				FA3148811D04B659005D13D1 /* ViewController */,
				FA91EF9B1D0F245D0015CFAF /* Extension */,
				FA4981821D09C7E2008CF01C /* Libs */,
				FA3148601D04550F005D13D1 /* Products */,
				CE11F39AB4A4C40C7C633B91 /* Pods */,
				216BA72D692CA93D521559D2 /* Frameworks */,
				FA3148801D04B64B005D13D1 /* supporting files */,
			);
			sourceTree = "<group>";
			usesTabs = 0;
		};
		FA3148601D04550F005D13D1 /* Products */ = {
			isa = PBXGroup;
			children = (
				FA31485F1D04550F005D13D1 /* Alternative.app */,
			);
			name = Products;
			sourceTree = "<group>";
		};
		FA31487B1D04B5C4005D13D1 /* WalkThrough */ = {
			isa = PBXGroup;
			children = (
				FA3148771D046410005D13D1 /* ALTWalkthroughContentViewController.swift */,
				FA3148791D046587005D13D1 /* ALTWalkthroughPageViewController.swift */,
			);
			name = WalkThrough;
			sourceTree = "<group>";
		};
		FA31487C1D04B5D6005D13D1 /* Login-Register */ = {
			isa = PBXGroup;
			children = (
				FA3148821D04B69D005D13D1 /* ALTLoginViewController.swift */,
				FA3148841D04B6B4005D13D1 /* ALTRegisterViewController.swift */,
				FA91EFAF1D104CDF0015CFAF /* ALTOTPViewController.swift */,
				FA91EFB01D104CDF0015CFAF /* ALTOTPViewController.xib */,
			);
			name = "Login-Register";
			sourceTree = "<group>";
		};
		FA31487D1D04B5E6005D13D1 /* Storyboard */ = {
			isa = PBXGroup;
			children = (
				FA3148661D045510005D13D1 /* Main.storyboard */,
				FA31486E1D045511005D13D1 /* LaunchScreen.storyboard */,
			);
			name = Storyboard;
			path = Alternative;
			sourceTree = "<group>";
		};
		FA31487E1D04B5FE005D13D1 /* Model */ = {
			isa = PBXGroup;
			children = (
			);
			name = Model;
			path = Alternative;
			sourceTree = "<group>";
		};
		FA3148801D04B64B005D13D1 /* supporting files */ = {
			isa = PBXGroup;
			children = (
				FA3148711D045511005D13D1 /* Info.plist */,
				FA31486C1D045511005D13D1 /* Assets.xcassets */,
				FA3148691D045511005D13D1 /* Alternative.xcdatamodeld */,
				FA91EF9E1D0F33A50015CFAF /* .gitignore */,
			);
			name = "supporting files";
			path = Alternative;
			sourceTree = "<group>";
		};
		FA3148811D04B659005D13D1 /* ViewController */ = {
			isa = PBXGroup;
			children = (
				FA898E8B1D0D96E6008510A2 /* Chat UI */,
				FA31487C1D04B5D6005D13D1 /* Login-Register */,
				FA31487B1D04B5C4005D13D1 /* WalkThrough */,
				FA898E8E1D0D971A008510A2 /* Main */,
			);
			name = ViewController;
			path = Alternative;
			sourceTree = "<group>";
		};
		FA4981821D09C7E2008CF01C /* Libs */ = {
			isa = PBXGroup;
			children = (
				FA91EFB31D104F920015CFAF /* Reachability.h */,
				FA91EFB41D104F920015CFAF /* Reachability.m */,
				FA4981841D09C7EF008CF01C /* SWRevealViewController.h */,
				FA4981851D09C7EF008CF01C /* SWRevealViewController.m */,
				FA4981831D09C7EE008CF01C /* Alternative-Bridging-Header.h */,
			);
			name = Libs;
			sourceTree = "<group>";
		};
		FA898E8B1D0D96E6008510A2 /* Chat UI */ = {
			isa = PBXGroup;
			children = (
				FA898E8C1D0D970E008510A2 /* ALTChatViewController.swift */,
			);
			name = "Chat UI";
			sourceTree = "<group>";
		};
		FA898E8E1D0D971A008510A2 /* Main */ = {
			isa = PBXGroup;
			children = (
				FA4981871D09D4F4008CF01C /* ALTMainViewController.swift */,
				FA4981891D09DA85008CF01C /* ALTNavigationDrawerViewController.swift */,
				FA49818B1D09DC56008CF01C /* ALTNavTableViewCell.swift */,
				FA898E891D0C68DE008510A2 /* ALTMainCollectionViewCell.swift */,
			);
			name = Main;
			sourceTree = "<group>";
		};
		FA91EF961D0E94730015CFAF /* API Manager */ = {
			isa = PBXGroup;
			children = (
				FA91EF971D0E952B0015CFAF /* EndPoints.swift */,
				FA91EF991D0E96420015CFAF /* ApiManager.swift */,
			);
			name = "API Manager";
			sourceTree = "<group>";
		};
		FA91EF9B1D0F245D0015CFAF /* Extension */ = {
			isa = PBXGroup;
			children = (
				FA91EF9C1D0F24CA0015CFAF /* UIDevice.swift */,
				FA91EFA81D0F463A0015CFAF /* String.swift */,
				FA91EFA61D0F462E0015CFAF /* UIColor.swift */,
			);
			name = Extension;
			sourceTree = "<group>";
		};
		FA91EFAA1D0FD3770015CFAF /* Utils */ = {
			isa = PBXGroup;
			children = (
				FA91EFA41D0F45D90015CFAF /* Colors.swift */,
				FA91EFB61D1050550015CFAF /* Constants.swift */,
			);
			name = Utils;
			path = Alternative;
			sourceTree = "<group>";
		};
/* End PBXGroup section */

/* Begin PBXNativeTarget section */
		FA31485E1D04550F005D13D1 /* Alternative */ = {
			isa = PBXNativeTarget;
			buildConfigurationList = FA3148741D045511005D13D1 /* Build configuration list for PBXNativeTarget "Alternative" */;
			buildPhases = (
				B249CB4B18BE85CB355ABCF6 /* 📦 Check Pods Manifest.lock */,
				FA31485B1D04550F005D13D1 /* Sources */,
				FA31485C1D04550F005D13D1 /* Frameworks */,
				FA31485D1D04550F005D13D1 /* Resources */,
				D9225C0D9CD699733FC5AC8A /* 📦 Embed Pods Frameworks */,
				9CED8DAC183B6D50FA671D00 /* 📦 Copy Pods Resources */,
			);
			buildRules = (
			);
			dependencies = (
			);
			name = Alternative;
			productName = Alternative;
			productReference = FA31485F1D04550F005D13D1 /* Alternative.app */;
			productType = "com.apple.product-type.application";
		};
/* End PBXNativeTarget section */

/* Begin PBXProject section */
		FA3148571D04550F005D13D1 /* Project object */ = {
			isa = PBXProject;
			attributes = {
				CLASSPREFIX = ALT;
				LastSwiftUpdateCheck = 0730;
				LastUpgradeCheck = 0730;
				ORGANIZATIONNAME = "Mackerov Technogies Pvt Ltd";
				TargetAttributes = {
					FA31485E1D04550F005D13D1 = {
						CreatedOnToolsVersion = 7.3.1;
					};
				};
			};
			buildConfigurationList = FA31485A1D04550F005D13D1 /* Build configuration list for PBXProject "Alternative" */;
			compatibilityVersion = "Xcode 3.2";
			developmentRegion = English;
			hasScannedForEncodings = 0;
			knownRegions = (
				en,
				Base,
			);
			mainGroup = FA3148561D04550E005D13D1;
			productRefGroup = FA3148601D04550F005D13D1 /* Products */;
			projectDirPath = "";
			projectRoot = "";
			targets = (
				FA31485E1D04550F005D13D1 /* Alternative */,
			);
		};
/* End PBXProject section */

/* Begin PBXResourcesBuildPhase section */
		FA31485D1D04550F005D13D1 /* Resources */ = {
			isa = PBXResourcesBuildPhase;
			buildActionMask = 2147483647;
			files = (
				FA91EF9F1D0F33A50015CFAF /* .gitignore in Resources */,
				FA3148701D045511005D13D1 /* LaunchScreen.storyboard in Resources */,
				FA31486D1D045511005D13D1 /* Assets.xcassets in Resources */,
				FA3148681D045510005D13D1 /* Main.storyboard in Resources */,
				FA91EFB21D104CDF0015CFAF /* ALTOTPViewController.xib in Resources */,
			);
			runOnlyForDeploymentPostprocessing = 0;
		};
/* End PBXResourcesBuildPhase section */

/* Begin PBXShellScriptBuildPhase section */
		9CED8DAC183B6D50FA671D00 /* 📦 Copy Pods Resources */ = {
			isa = PBXShellScriptBuildPhase;
			buildActionMask = 2147483647;
			files = (
			);
			inputPaths = (
			);
			name = "📦 Copy Pods Resources";
			outputPaths = (
			);
			runOnlyForDeploymentPostprocessing = 0;
			shellPath = /bin/sh;
			shellScript = "\"${SRCROOT}/Pods/Target Support Files/Pods-Alternative/Pods-Alternative-resources.sh\"\n";
			showEnvVarsInLog = 0;
		};
		B249CB4B18BE85CB355ABCF6 /* 📦 Check Pods Manifest.lock */ = {
			isa = PBXShellScriptBuildPhase;
			buildActionMask = 2147483647;
			files = (
			);
			inputPaths = (
			);
			name = "📦 Check Pods Manifest.lock";
			outputPaths = (
			);
			runOnlyForDeploymentPostprocessing = 0;
			shellPath = /bin/sh;
			shellScript = "diff \"${PODS_ROOT}/../Podfile.lock\" \"${PODS_ROOT}/Manifest.lock\" > /dev/null\nif [[ $? != 0 ]] ; then\n    cat << EOM\nerror: The sandbox is not in sync with the Podfile.lock. Run 'pod install' or update your CocoaPods installation.\nEOM\n    exit 1\nfi\n";
			showEnvVarsInLog = 0;
		};
		D9225C0D9CD699733FC5AC8A /* 📦 Embed Pods Frameworks */ = {
			isa = PBXShellScriptBuildPhase;
			buildActionMask = 2147483647;
			files = (
			);
			inputPaths = (
			);
			name = "📦 Embed Pods Frameworks";
			outputPaths = (
			);
			runOnlyForDeploymentPostprocessing = 0;
			shellPath = /bin/sh;
			shellScript = "\"${SRCROOT}/Pods/Target Support Files/Pods-Alternative/Pods-Alternative-frameworks.sh\"\n";
			showEnvVarsInLog = 0;
		};
/* End PBXShellScriptBuildPhase section */

/* Begin PBXSourcesBuildPhase section */
		FA31485B1D04550F005D13D1 /* Sources */ = {
			isa = PBXSourcesBuildPhase;
			buildActionMask = 2147483647;
			files = (
				FA4981861D09C7EF008CF01C /* SWRevealViewController.m in Sources */,
				FA31486B1D045511005D13D1 /* Alternative.xcdatamodeld in Sources */,
				FA3148831D04B69D005D13D1 /* ALTLoginViewController.swift in Sources */,
				FA49818C1D09DC56008CF01C /* ALTNavTableViewCell.swift in Sources */,
				FA91EF981D0E952B0015CFAF /* EndPoints.swift in Sources */,
				FA49818A1D09DA85008CF01C /* ALTNavigationDrawerViewController.swift in Sources */,
				FA91EFA71D0F462E0015CFAF /* UIColor.swift in Sources */,
				FA4981881D09D4F5008CF01C /* ALTMainViewController.swift in Sources */,
				FA91EFB11D104CDF0015CFAF /* ALTOTPViewController.swift in Sources */,
				FA898E8A1D0C68DE008510A2 /* ALTMainCollectionViewCell.swift in Sources */,
				FA31487A1D046587005D13D1 /* ALTWalkthroughPageViewController.swift in Sources */,
				FA91EFB71D1050550015CFAF /* Constants.swift in Sources */,
				FA91EFA51D0F45D90015CFAF /* Colors.swift in Sources */,
				FA3148851D04B6B4005D13D1 /* ALTRegisterViewController.swift in Sources */,
				FA91EFA91D0F463A0015CFAF /* String.swift in Sources */,
				FA91EFB51D104F920015CFAF /* Reachability.m in Sources */,
				FA91EF9D1D0F24CB0015CFAF /* UIDevice.swift in Sources */,
				FA91EF9A1D0E96420015CFAF /* ApiManager.swift in Sources */,
				FA3148631D045510005D13D1 /* AppDelegate.swift in Sources */,
				FA898E8D1D0D970E008510A2 /* ALTChatViewController.swift in Sources */,
				FA3148781D046410005D13D1 /* ALTWalkthroughContentViewController.swift in Sources */,
			);
			runOnlyForDeploymentPostprocessing = 0;
		};
/* End PBXSourcesBuildPhase section */

/* Begin PBXVariantGroup section */
		FA3148661D045510005D13D1 /* Main.storyboard */ = {
			isa = PBXVariantGroup;
			children = (
				FA3148671D045510005D13D1 /* Base */,
			);
			name = Main.storyboard;
			sourceTree = "<group>";
		};
		FA31486E1D045511005D13D1 /* LaunchScreen.storyboard */ = {
			isa = PBXVariantGroup;
			children = (
				FA31486F1D045511005D13D1 /* Base */,
			);
			name = LaunchScreen.storyboard;
			sourceTree = "<group>";
		};
/* End PBXVariantGroup section */

/* Begin XCBuildConfiguration section */
		FA3148721D045511005D13D1 /* Debug */ = {
			isa = XCBuildConfiguration;
			buildSettings = {
				ALWAYS_SEARCH_USER_PATHS = NO;
				CLANG_ANALYZER_NONNULL = YES;
				CLANG_CXX_LANGUAGE_STANDARD = "gnu++0x";
				CLANG_CXX_LIBRARY = "libc++";
				CLANG_ENABLE_MODULES = YES;
				CLANG_ENABLE_OBJC_ARC = YES;
				CLANG_WARN_BOOL_CONVERSION = YES;
				CLANG_WARN_CONSTANT_CONVERSION = YES;
				CLANG_WARN_DIRECT_OBJC_ISA_USAGE = YES_ERROR;
				CLANG_WARN_EMPTY_BODY = YES;
				CLANG_WARN_ENUM_CONVERSION = YES;
				CLANG_WARN_INT_CONVERSION = YES;
				CLANG_WARN_OBJC_ROOT_CLASS = YES_ERROR;
				CLANG_WARN_UNREACHABLE_CODE = YES;
				CLANG_WARN__DUPLICATE_METHOD_MATCH = YES;
				"CODE_SIGN_IDENTITY[sdk=iphoneos*]" = "iPhone Developer";
				COPY_PHASE_STRIP = NO;
				DEBUG_INFORMATION_FORMAT = dwarf;
				ENABLE_STRICT_OBJC_MSGSEND = YES;
				ENABLE_TESTABILITY = YES;
				GCC_C_LANGUAGE_STANDARD = gnu99;
				GCC_DYNAMIC_NO_PIC = NO;
				GCC_NO_COMMON_BLOCKS = YES;
				GCC_OPTIMIZATION_LEVEL = 0;
				GCC_PREPROCESSOR_DEFINITIONS = (
					"DEBUG=1",
					"$(inherited)",
				);
				GCC_WARN_64_TO_32_BIT_CONVERSION = YES;
				GCC_WARN_ABOUT_RETURN_TYPE = YES_ERROR;
				GCC_WARN_UNDECLARED_SELECTOR = YES;
				GCC_WARN_UNINITIALIZED_AUTOS = YES_AGGRESSIVE;
				GCC_WARN_UNUSED_FUNCTION = YES;
				GCC_WARN_UNUSED_VARIABLE = YES;
				IPHONEOS_DEPLOYMENT_TARGET = 9.3;
				MTL_ENABLE_DEBUG_INFO = YES;
				ONLY_ACTIVE_ARCH = YES;
				SDKROOT = iphoneos;
				SWIFT_OPTIMIZATION_LEVEL = "-Onone";
				TARGETED_DEVICE_FAMILY = "1,2";
			};
			name = Debug;
		};
		FA3148731D045511005D13D1 /* Release */ = {
			isa = XCBuildConfiguration;
			buildSettings = {
				ALWAYS_SEARCH_USER_PATHS = NO;
				CLANG_ANALYZER_NONNULL = YES;
				CLANG_CXX_LANGUAGE_STANDARD = "gnu++0x";
				CLANG_CXX_LIBRARY = "libc++";
				CLANG_ENABLE_MODULES = YES;
				CLANG_ENABLE_OBJC_ARC = YES;
				CLANG_WARN_BOOL_CONVERSION = YES;
				CLANG_WARN_CONSTANT_CONVERSION = YES;
				CLANG_WARN_DIRECT_OBJC_ISA_USAGE = YES_ERROR;
				CLANG_WARN_EMPTY_BODY = YES;
				CLANG_WARN_ENUM_CONVERSION = YES;
				CLANG_WARN_INT_CONVERSION = YES;
				CLANG_WARN_OBJC_ROOT_CLASS = YES_ERROR;
				CLANG_WARN_UNREACHABLE_CODE = YES;
				CLANG_WARN__DUPLICATE_METHOD_MATCH = YES;
				"CODE_SIGN_IDENTITY[sdk=iphoneos*]" = "iPhone Developer";
				COPY_PHASE_STRIP = NO;
				DEBUG_INFORMATION_FORMAT = "dwarf-with-dsym";
				ENABLE_NS_ASSERTIONS = NO;
				ENABLE_STRICT_OBJC_MSGSEND = YES;
				GCC_C_LANGUAGE_STANDARD = gnu99;
				GCC_NO_COMMON_BLOCKS = YES;
				GCC_WARN_64_TO_32_BIT_CONVERSION = YES;
				GCC_WARN_ABOUT_RETURN_TYPE = YES_ERROR;
				GCC_WARN_UNDECLARED_SELECTOR = YES;
				GCC_WARN_UNINITIALIZED_AUTOS = YES_AGGRESSIVE;
				GCC_WARN_UNUSED_FUNCTION = YES;
				GCC_WARN_UNUSED_VARIABLE = YES;
				IPHONEOS_DEPLOYMENT_TARGET = 9.3;
				MTL_ENABLE_DEBUG_INFO = NO;
				SDKROOT = iphoneos;
				TARGETED_DEVICE_FAMILY = "1,2";
				VALIDATE_PRODUCT = YES;
			};
			name = Release;
		};
		FA3148751D045511005D13D1 /* Debug */ = {
			isa = XCBuildConfiguration;
			baseConfigurationReference = C9F95BCE3A2D2449A6061CEE /* Pods-Alternative.debug.xcconfig */;
			buildSettings = {
				ASSETCATALOG_COMPILER_APPICON_NAME = AppIcon;
				CLANG_ENABLE_MODULES = YES;
				CODE_SIGN_IDENTITY = "iPhone Developer";
				INFOPLIST_FILE = Alternative/Info.plist;
				IPHONEOS_DEPLOYMENT_TARGET = 9.0;
				LD_RUNPATH_SEARCH_PATHS = "$(inherited) @executable_path/Frameworks";
				PRODUCT_BUNDLE_IDENTIFIER = in.alternativeforyou.Alternative;
				PRODUCT_NAME = "$(TARGET_NAME)";
				SWIFT_OBJC_BRIDGING_HEADER = "Alternative-Bridging-Header.h";
				SWIFT_OPTIMIZATION_LEVEL = "-Onone";
			};
			name = Debug;
		};
		FA3148761D045511005D13D1 /* Release */ = {
			isa = XCBuildConfiguration;
			baseConfigurationReference = 348C0716E11A8EE25301BCC2 /* Pods-Alternative.release.xcconfig */;
			buildSettings = {
				ASSETCATALOG_COMPILER_APPICON_NAME = AppIcon;
				CLANG_ENABLE_MODULES = YES;
				CODE_SIGN_IDENTITY = "iPhone Developer";
				INFOPLIST_FILE = Alternative/Info.plist;
				IPHONEOS_DEPLOYMENT_TARGET = 9.0;
				LD_RUNPATH_SEARCH_PATHS = "$(inherited) @executable_path/Frameworks";
				PRODUCT_BUNDLE_IDENTIFIER = in.alternativeforyou.Alternative;
				PRODUCT_NAME = "$(TARGET_NAME)";
				SWIFT_OBJC_BRIDGING_HEADER = "Alternative-Bridging-Header.h";
			};
			name = Release;
		};
/* End XCBuildConfiguration section */

/* Begin XCConfigurationList section */
		FA31485A1D04550F005D13D1 /* Build configuration list for PBXProject "Alternative" */ = {
			isa = XCConfigurationList;
			buildConfigurations = (
				FA3148721D045511005D13D1 /* Debug */,
				FA3148731D045511005D13D1 /* Release */,
			);
			defaultConfigurationIsVisible = 0;
			defaultConfigurationName = Release;
		};
		FA3148741D045511005D13D1 /* Build configuration list for PBXNativeTarget "Alternative" */ = {
			isa = XCConfigurationList;
			buildConfigurations = (
				FA3148751D045511005D13D1 /* Debug */,
				FA3148761D045511005D13D1 /* Release */,
			);
			defaultConfigurationIsVisible = 0;
			defaultConfigurationName = Release;
		};
/* End XCConfigurationList section */

/* Begin XCVersionGroup section */
		FA3148691D045511005D13D1 /* Alternative.xcdatamodeld */ = {
			isa = XCVersionGroup;
			children = (
				FA31486A1D045511005D13D1 /* Alternative.xcdatamodel */,
			);
			currentVersion = FA31486A1D045511005D13D1 /* Alternative.xcdatamodel */;
			path = Alternative.xcdatamodeld;
			sourceTree = "<group>";
			versionGroupType = wrapper.xcdatamodel;
		};
/* End XCVersionGroup section */
	};
	rootObject = FA3148571D04550F005D13D1 /* Project object */;
}
